/data/Wilson_Lab/projects/placenta_multiomics/valleywise_pilot/processed_bams/rna/VW-ASUPlace-Cont01_192_001_S183_L001_HISAT_pair_trim_sort_mkdup_rdgrp_XY.bam
/data/Wilson_Lab/projects/placenta_multiomics/valleywise_pilot/processed_bams/rna/VW-ASUPlace-Cont04_156_037_S186_L001_HISAT_pair_trim_sort_mkdup_rdgrp_XY.bam
/data/Wilson_Lab/projects/placenta_multiomics/valleywise_pilot/processed_bams/rna/VW-ASUPlace-Cont07-Q1RNA1_120_073_S189_L001_HISAT_pair_trim_sort_mkdup_rdgrp_XY.bam
/data/Wilson_Lab/projects/placenta_multiomics/valleywise_pilot/processed_bams/rna/VW-ASUPlace-Cont08-Q1RNA1_108_085_S190_L001_HISAT_pair_trim_sort_mkdup_rdgrp_XY.bam
/data/Wilson_Lab/projects/placenta_multiomics/valleywise_pilot/processed_bams/rna/VW-ASUPlace-Cont09-Q1RNA1_191_002_S191_L001_HISAT_pair_trim_sort_mkdup_rdgrp_XY.bam
/data/Wilson_Lab/projects/placenta_multiomics/valleywise_pilot/processed_bams/rna/VW-ASUPlace-HDP02-Q1RNA1_155_038_S194_L001_HISAT_pair_trim_sort_mkdup_rdgrp_XY.bam
/data/Wilson_Lab/projects/placenta_multiomics/valleywise_pilot/processed_bams/rna/VW-ASUPlace-HDP03-Q1RNA1_143_050_S195_L001_HISAT_pair_trim_sort_mkdup_rdgrp_XY.bam
/data/Wilson_Lab/projects/placenta_multiomics/valleywise_pilot/processed_bams/rna/VW-ASUPlace-HDP04-Q1RNA1_131_062_S196_L001_HISAT_pair_trim_sort_mkdup_rdgrp_XY.bam
/data/Wilson_Lab/projects/placenta_multiomics/valleywise_pilot/processed_bams/rna/VW-ASUPlace-HDP05-Q1RNA1_119_074_S197_L001_HISAT_pair_trim_sort_mkdup_rdgrp_XY.bam
/data/Wilson_Lab/projects/placenta_multiomics/valleywise_pilot/processed_bams/rna/VW-ASUPlace-HDP06-Q1RNA1_107_086_S198_L001_HISAT_pair_trim_sort_mkdup_rdgrp_XY.bam
/data/Wilson_Lab/projects/placenta_multiomics/valleywise_pilot/processed_bams/rna/VW-ASUPlace-HDP07-Q1RNA1_190_003_S199_L001_HISAT_pair_trim_sort_mkdup_rdgrp_XY.bam
/data/Wilson_Lab/projects/placenta_multiomics/valleywise_pilot/processed_bams/rna/VW-ASUPlace-Cont02_180_013_S184_L001_HISAT_pair_trim_sort_mkdup_rdgrp_XX.bam
/data/Wilson_Lab/projects/placenta_multiomics/valleywise_pilot/processed_bams/rna/VW-ASUPlace-Cont03_168_025_S185_L001_HISAT_pair_trim_sort_mkdup_rdgrp_XX.bam
/data/Wilson_Lab/projects/placenta_multiomics/valleywise_pilot/processed_bams/rna/VW-ASUPlace-Cont05-Q1RNA1_144_049_S187_L001_HISAT_pair_trim_sort_mkdup_rdgrp_XX.bam
/data/Wilson_Lab/projects/placenta_multiomics/valleywise_pilot/processed_bams/rna/VW-ASUPlace-Cont06-Q1RNA1_132_061_S188_L001_HISAT_pair_trim_sort_mkdup_rdgrp_XX.bam
/data/Wilson_Lab/projects/placenta_multiomics/valleywise_pilot/processed_bams/rna/VW-ASUPlace-Cont10-Q1RNA1_179_014_S192_L001_HISAT_pair_trim_sort_mkdup_rdgrp_XX.bam
/data/Wilson_Lab/projects/placenta_multiomics/valleywise_pilot/processed_bams/rna/VW-ASUPlace-HDP01_167_026_S193_L001_HISAT_pair_trim_sort_mkdup_rdgrp_XX.bam
/data/Wilson_Lab/projects/placenta_multiomics/valleywise_pilot/processed_bams/rna/VW-ASUPlace-HDP08-Q1RNA1_178_015_S200_L001_HISAT_pair_trim_sort_mkdup_rdgrp_XX.bam
/data/Wilson_Lab/projects/placenta_multiomics/valleywise_pilot/processed_bams/rna/VW-ASUPlace-HDP09-Q1RNA1_166_027_S201_L001_HISAT_pair_trim_sort_mkdup_rdgrp_XX.bam
/data/Wilson_Lab/projects/placenta_multiomics/valleywise_pilot/processed_bams/rna/VW-ASUPlace-HDP10-Q1RNA1_154_039_S202_L001_HISAT_pair_trim_sort_mkdup_rdgrp_XX.bam
/data/Wilson_Lab/projects/placenta_multiomics/valleywise_pilot/processed_bams/rna/VW-ASUPlace-Cont01_192_001_S183_L001_HISAT_pair_trim_sort_mkdup_rdgrp_XY.bam.bai
/data/Wilson_Lab/projects/placenta_multiomics/valleywise_pilot/processed_bams/rna/VW-ASUPlace-Cont04_156_037_S186_L001_HISAT_pair_trim_sort_mkdup_rdgrp_XY.bam.bai
/data/Wilson_Lab/projects/placenta_multiomics/valleywise_pilot/processed_bams/rna/VW-ASUPlace-Cont07-Q1RNA1_120_073_S189_L001_HISAT_pair_trim_sort_mkdup_rdgrp_XY.bam.bai
/data/Wilson_Lab/projects/placenta_multiomics/valleywise_pilot/processed_bams/rna/VW-ASUPlace-Cont08-Q1RNA1_108_085_S190_L001_HISAT_pair_trim_sort_mkdup_rdgrp_XY.bam.bai
/data/Wilson_Lab/projects/placenta_multiomics/valleywise_pilot/processed_bams/rna/VW-ASUPlace-Cont09-Q1RNA1_191_002_S191_L001_HISAT_pair_trim_sort_mkdup_rdgrp_XY.bam.bai
/data/Wilson_Lab/projects/placenta_multiomics/valleywise_pilot/processed_bams/rna/VW-ASUPlace-HDP02-Q1RNA1_155_038_S194_L001_HISAT_pair_trim_sort_mkdup_rdgrp_XY.bam.bai
/data/Wilson_Lab/projects/placenta_multiomics/valleywise_pilot/processed_bams/rna/VW-ASUPlace-HDP03-Q1RNA1_143_050_S195_L001_HISAT_pair_trim_sort_mkdup_rdgrp_XY.bam.bai
/data/Wilson_Lab/projects/placenta_multiomics/valleywise_pilot/processed_bams/rna/VW-ASUPlace-HDP04-Q1RNA1_131_062_S196_L001_HISAT_pair_trim_sort_mkdup_rdgrp_XY.bam.bai
/data/Wilson_Lab/projects/placenta_multiomics/valleywise_pilot/processed_bams/rna/VW-ASUPlace-HDP05-Q1RNA1_119_074_S197_L001_HISAT_pair_trim_sort_mkdup_rdgrp_XY.bam.bai
/data/Wilson_Lab/projects/placenta_multiomics/valleywise_pilot/processed_bams/rna/VW-ASUPlace-HDP06-Q1RNA1_107_086_S198_L001_HISAT_pair_trim_sort_mkdup_rdgrp_XY.bam.bai
/data/Wilson_Lab/projects/placenta_multiomics/valleywise_pilot/processed_bams/rna/VW-ASUPlace-HDP07-Q1RNA1_190_003_S199_L001_HISAT_pair_trim_sort_mkdup_rdgrp_XY.bam.bai
/data/Wilson_Lab/projects/placenta_multiomics/valleywise_pilot/processed_bams/rna/VW-ASUPlace-Cont02_180_013_S184_L001_HISAT_pair_trim_sort_mkdup_rdgrp_XX.bam.bai
/data/Wilson_Lab/projects/placenta_multiomics/valleywise_pilot/processed_bams/rna/VW-ASUPlace-Cont03_168_025_S185_L001_HISAT_pair_trim_sort_mkdup_rdgrp_XX.bam.bai
/data/Wilson_Lab/projects/placenta_multiomics/valleywise_pilot/processed_bams/rna/VW-ASUPlace-Cont05-Q1RNA1_144_049_S187_L001_HISAT_pair_trim_sort_mkdup_rdgrp_XX.bam.bai
/data/Wilson_Lab/projects/placenta_multiomics/valleywise_pilot/processed_bams/rna/VW-ASUPlace-Cont06-Q1RNA1_132_061_S188_L001_HISAT_pair_trim_sort_mkdup_rdgrp_XX.bam.bai
/data/Wilson_Lab/projects/placenta_multiomics/valleywise_pilot/processed_bams/rna/VW-ASUPlace-Cont10-Q1RNA1_179_014_S192_L001_HISAT_pair_trim_sort_mkdup_rdgrp_XX.bam.bai
/data/Wilson_Lab/projects/placenta_multiomics/valleywise_pilot/processed_bams/rna/VW-ASUPlace-HDP01_167_026_S193_L001_HISAT_pair_trim_sort_mkdup_rdgrp_XX.bam.bai
/data/Wilson_Lab/projects/placenta_multiomics/valleywise_pilot/processed_bams/rna/VW-ASUPlace-HDP08-Q1RNA1_178_015_S200_L001_HISAT_pair_trim_sort_mkdup_rdgrp_XX.bam.bai
/data/Wilson_Lab/projects/placenta_multiomics/valleywise_pilot/processed_bams/rna/VW-ASUPlace-HDP09-Q1RNA1_166_027_S201_L001_HISAT_pair_trim_sort_mkdup_rdgrp_XX.bam.bai
/data/Wilson_Lab/projects/placenta_multiomics/valleywise_pilot/processed_bams/rna/VW-ASUPlace-HDP10-Q1RNA1_154_039_S202_L001_HISAT_pair_trim_sort_mkdup_rdgrp_XX.bam.bai
/data/Wilson_Lab/projects/placenta_multiomics/valleywise_pilot/processed_bams/rna/VW-ASUPlace-Cont01_192_001_S183_L001_HISAT_pair_trim_sort_rdgrp_XY.bam
/data/Wilson_Lab/projects/placenta_multiomics/valleywise_pilot/processed_bams/rna/VW-ASUPlace-Cont01_192_001_S183_L001_HISAT_pair_trim_sort_XY.bam
/data/Wilson_Lab/projects/placenta_multiomics/valleywise_pilot/processed_bams/rna/VW-ASUPlace-Cont01_192_001_S183_L001_HISAT_pair_trim_XY.bam
/data/Wilson_Lab/projects/placenta_multiomics/valleywise_pilot/processed_bams/rna/VW-ASUPlace-Cont01_192_001_S183_L001_HISAT_pair_trim_XY.sam
/data/Wilson_Lab/projects/placenta_multiomics/valleywise_pilot/trimmed_fastqs_rna/VW-ASUPlace-Cont01_192_001_S183_L001_trimmed_R1.fastq.gz
/data/Wilson_Lab/projects/placenta_multiomics/valleywise_pilot/trimmed_fastqs_rna/VW-ASUPlace-Cont01_192_001_S183_L001_trimmed_R2.fastq.gz
/data/Wilson_Lab/projects/placenta_multiomics/valleywise_pilot/processed_bams/rna/VW-ASUPlace-Cont04_156_037_S186_L001_HISAT_pair_trim_sort_rdgrp_XY.bam
/data/Wilson_Lab/projects/placenta_multiomics/valleywise_pilot/processed_bams/rna/VW-ASUPlace-Cont04_156_037_S186_L001_HISAT_pair_trim_sort_XY.bam
/data/Wilson_Lab/projects/placenta_multiomics/valleywise_pilot/processed_bams/rna/VW-ASUPlace-Cont04_156_037_S186_L001_HISAT_pair_trim_XY.bam
/data/Wilson_Lab/projects/placenta_multiomics/valleywise_pilot/processed_bams/rna/VW-ASUPlace-Cont04_156_037_S186_L001_HISAT_pair_trim_XY.sam
/data/Wilson_Lab/projects/placenta_multiomics/valleywise_pilot/trimmed_fastqs_rna/VW-ASUPlace-Cont04_156_037_S186_L001_trimmed_R1.fastq.gz
/data/Wilson_Lab/projects/placenta_multiomics/valleywise_pilot/trimmed_fastqs_rna/VW-ASUPlace-Cont04_156_037_S186_L001_trimmed_R2.fastq.gz
/data/Wilson_Lab/projects/placenta_multiomics/valleywise_pilot/processed_bams/rna/VW-ASUPlace-Cont07-Q1RNA1_120_073_S189_L001_HISAT_pair_trim_sort_rdgrp_XY.bam
/data/Wilson_Lab/projects/placenta_multiomics/valleywise_pilot/processed_bams/rna/VW-ASUPlace-Cont07-Q1RNA1_120_073_S189_L001_HISAT_pair_trim_sort_XY.bam
/data/Wilson_Lab/projects/placenta_multiomics/valleywise_pilot/processed_bams/rna/VW-ASUPlace-Cont07-Q1RNA1_120_073_S189_L001_HISAT_pair_trim_XY.bam
/data/Wilson_Lab/projects/placenta_multiomics/valleywise_pilot/processed_bams/rna/VW-ASUPlace-Cont07-Q1RNA1_120_073_S189_L001_HISAT_pair_trim_XY.sam
/data/Wilson_Lab/projects/placenta_multiomics/valleywise_pilot/trimmed_fastqs_rna/VW-ASUPlace-Cont07-Q1RNA1_120_073_S189_L001_trimmed_R1.fastq.gz
/data/Wilson_Lab/projects/placenta_multiomics/valleywise_pilot/trimmed_fastqs_rna/VW-ASUPlace-Cont07-Q1RNA1_120_073_S189_L001_trimmed_R2.fastq.gz
/data/Wilson_Lab/projects/placenta_multiomics/valleywise_pilot/processed_bams/rna/VW-ASUPlace-Cont08-Q1RNA1_108_085_S190_L001_HISAT_pair_trim_sort_rdgrp_XY.bam
/data/Wilson_Lab/projects/placenta_multiomics/valleywise_pilot/processed_bams/rna/VW-ASUPlace-Cont08-Q1RNA1_108_085_S190_L001_HISAT_pair_trim_sort_XY.bam
/data/Wilson_Lab/projects/placenta_multiomics/valleywise_pilot/processed_bams/rna/VW-ASUPlace-Cont08-Q1RNA1_108_085_S190_L001_HISAT_pair_trim_XY.bam
/data/Wilson_Lab/projects/placenta_multiomics/valleywise_pilot/processed_bams/rna/VW-ASUPlace-Cont08-Q1RNA1_108_085_S190_L001_HISAT_pair_trim_XY.sam
/data/Wilson_Lab/projects/placenta_multiomics/valleywise_pilot/trimmed_fastqs_rna/VW-ASUPlace-Cont08-Q1RNA1_108_085_S190_L001_trimmed_R1.fastq.gz
/data/Wilson_Lab/projects/placenta_multiomics/valleywise_pilot/trimmed_fastqs_rna/VW-ASUPlace-Cont08-Q1RNA1_108_085_S190_L001_trimmed_R2.fastq.gz
/data/Wilson_Lab/projects/placenta_multiomics/valleywise_pilot/processed_bams/rna/VW-ASUPlace-Cont09-Q1RNA1_191_002_S191_L001_HISAT_pair_trim_sort_rdgrp_XY.bam
/data/Wilson_Lab/projects/placenta_multiomics/valleywise_pilot/processed_bams/rna/VW-ASUPlace-Cont09-Q1RNA1_191_002_S191_L001_HISAT_pair_trim_sort_XY.bam
/data/Wilson_Lab/projects/placenta_multiomics/valleywise_pilot/processed_bams/rna/VW-ASUPlace-Cont09-Q1RNA1_191_002_S191_L001_HISAT_pair_trim_XY.bam
/data/Wilson_Lab/projects/placenta_multiomics/valleywise_pilot/processed_bams/rna/VW-ASUPlace-Cont09-Q1RNA1_191_002_S191_L001_HISAT_pair_trim_XY.sam
/data/Wilson_Lab/projects/placenta_multiomics/valleywise_pilot/trimmed_fastqs_rna/VW-ASUPlace-Cont09-Q1RNA1_191_002_S191_L001_trimmed_R1.fastq.gz
/data/Wilson_Lab/projects/placenta_multiomics/valleywise_pilot/trimmed_fastqs_rna/VW-ASUPlace-Cont09-Q1RNA1_191_002_S191_L001_trimmed_R2.fastq.gz
/data/Wilson_Lab/projects/placenta_multiomics/valleywise_pilot/processed_bams/rna/VW-ASUPlace-HDP02-Q1RNA1_155_038_S194_L001_HISAT_pair_trim_sort_rdgrp_XY.bam
/data/Wilson_Lab/projects/placenta_multiomics/valleywise_pilot/processed_bams/rna/VW-ASUPlace-HDP02-Q1RNA1_155_038_S194_L001_HISAT_pair_trim_sort_XY.bam
/data/Wilson_Lab/projects/placenta_multiomics/valleywise_pilot/processed_bams/rna/VW-ASUPlace-HDP02-Q1RNA1_155_038_S194_L001_HISAT_pair_trim_XY.bam
/data/Wilson_Lab/projects/placenta_multiomics/valleywise_pilot/processed_bams/rna/VW-ASUPlace-HDP02-Q1RNA1_155_038_S194_L001_HISAT_pair_trim_XY.sam
/data/Wilson_Lab/projects/placenta_multiomics/valleywise_pilot/trimmed_fastqs_rna/VW-ASUPlace-HDP02-Q1RNA1_155_038_S194_L001_trimmed_R1.fastq.gz
/data/Wilson_Lab/projects/placenta_multiomics/valleywise_pilot/trimmed_fastqs_rna/VW-ASUPlace-HDP02-Q1RNA1_155_038_S194_L001_trimmed_R2.fastq.gz
/data/Wilson_Lab/projects/placenta_multiomics/valleywise_pilot/processed_bams/rna/VW-ASUPlace-HDP03-Q1RNA1_143_050_S195_L001_HISAT_pair_trim_sort_rdgrp_XY.bam
/data/Wilson_Lab/projects/placenta_multiomics/valleywise_pilot/processed_bams/rna/VW-ASUPlace-HDP03-Q1RNA1_143_050_S195_L001_HISAT_pair_trim_sort_XY.bam
/data/Wilson_Lab/projects/placenta_multiomics/valleywise_pilot/processed_bams/rna/VW-ASUPlace-HDP03-Q1RNA1_143_050_S195_L001_HISAT_pair_trim_XY.bam
/data/Wilson_Lab/projects/placenta_multiomics/valleywise_pilot/processed_bams/rna/VW-ASUPlace-HDP03-Q1RNA1_143_050_S195_L001_HISAT_pair_trim_XY.sam
/data/Wilson_Lab/projects/placenta_multiomics/valleywise_pilot/trimmed_fastqs_rna/VW-ASUPlace-HDP03-Q1RNA1_143_050_S195_L001_trimmed_R1.fastq.gz
/data/Wilson_Lab/projects/placenta_multiomics/valleywise_pilot/trimmed_fastqs_rna/VW-ASUPlace-HDP03-Q1RNA1_143_050_S195_L001_trimmed_R2.fastq.gz
/data/Wilson_Lab/projects/placenta_multiomics/valleywise_pilot/processed_bams/rna/VW-ASUPlace-HDP04-Q1RNA1_131_062_S196_L001_HISAT_pair_trim_sort_rdgrp_XY.bam
/data/Wilson_Lab/projects/placenta_multiomics/valleywise_pilot/processed_bams/rna/VW-ASUPlace-HDP04-Q1RNA1_131_062_S196_L001_HISAT_pair_trim_sort_XY.bam
/data/Wilson_Lab/projects/placenta_multiomics/valleywise_pilot/processed_bams/rna/VW-ASUPlace-HDP04-Q1RNA1_131_062_S196_L001_HISAT_pair_trim_XY.bam
/data/Wilson_Lab/projects/placenta_multiomics/valleywise_pilot/processed_bams/rna/VW-ASUPlace-HDP04-Q1RNA1_131_062_S196_L001_HISAT_pair_trim_XY.sam
/data/Wilson_Lab/projects/placenta_multiomics/valleywise_pilot/trimmed_fastqs_rna/VW-ASUPlace-HDP04-Q1RNA1_131_062_S196_L001_trimmed_R1.fastq.gz
/data/Wilson_Lab/projects/placenta_multiomics/valleywise_pilot/trimmed_fastqs_rna/VW-ASUPlace-HDP04-Q1RNA1_131_062_S196_L001_trimmed_R2.fastq.gz
/data/Wilson_Lab/projects/placenta_multiomics/valleywise_pilot/processed_bams/rna/VW-ASUPlace-HDP05-Q1RNA1_119_074_S197_L001_HISAT_pair_trim_sort_rdgrp_XY.bam
/data/Wilson_Lab/projects/placenta_multiomics/valleywise_pilot/processed_bams/rna/VW-ASUPlace-HDP05-Q1RNA1_119_074_S197_L001_HISAT_pair_trim_sort_XY.bam
/data/Wilson_Lab/projects/placenta_multiomics/valleywise_pilot/processed_bams/rna/VW-ASUPlace-HDP05-Q1RNA1_119_074_S197_L001_HISAT_pair_trim_XY.bam
/data/Wilson_Lab/projects/placenta_multiomics/valleywise_pilot/processed_bams/rna/VW-ASUPlace-HDP05-Q1RNA1_119_074_S197_L001_HISAT_pair_trim_XY.sam
/data/Wilson_Lab/projects/placenta_multiomics/valleywise_pilot/trimmed_fastqs_rna/VW-ASUPlace-HDP05-Q1RNA1_119_074_S197_L001_trimmed_R1.fastq.gz
/data/Wilson_Lab/projects/placenta_multiomics/valleywise_pilot/trimmed_fastqs_rna/VW-ASUPlace-HDP05-Q1RNA1_119_074_S197_L001_trimmed_R2.fastq.gz
/data/Wilson_Lab/projects/placenta_multiomics/valleywise_pilot/processed_bams/rna/VW-ASUPlace-HDP06-Q1RNA1_107_086_S198_L001_HISAT_pair_trim_sort_rdgrp_XY.bam
/data/Wilson_Lab/projects/placenta_multiomics/valleywise_pilot/processed_bams/rna/VW-ASUPlace-HDP06-Q1RNA1_107_086_S198_L001_HISAT_pair_trim_sort_XY.bam
/data/Wilson_Lab/projects/placenta_multiomics/valleywise_pilot/processed_bams/rna/VW-ASUPlace-HDP06-Q1RNA1_107_086_S198_L001_HISAT_pair_trim_XY.bam
/data/Wilson_Lab/projects/placenta_multiomics/valleywise_pilot/processed_bams/rna/VW-ASUPlace-HDP06-Q1RNA1_107_086_S198_L001_HISAT_pair_trim_XY.sam
/data/Wilson_Lab/projects/placenta_multiomics/valleywise_pilot/trimmed_fastqs_rna/VW-ASUPlace-HDP06-Q1RNA1_107_086_S198_L001_trimmed_R1.fastq.gz
/data/Wilson_Lab/projects/placenta_multiomics/valleywise_pilot/trimmed_fastqs_rna/VW-ASUPlace-HDP06-Q1RNA1_107_086_S198_L001_trimmed_R2.fastq.gz
/data/Wilson_Lab/projects/placenta_multiomics/valleywise_pilot/processed_bams/rna/VW-ASUPlace-HDP07-Q1RNA1_190_003_S199_L001_HISAT_pair_trim_sort_rdgrp_XY.bam
/data/Wilson_Lab/projects/placenta_multiomics/valleywise_pilot/processed_bams/rna/VW-ASUPlace-HDP07-Q1RNA1_190_003_S199_L001_HISAT_pair_trim_sort_XY.bam
/data/Wilson_Lab/projects/placenta_multiomics/valleywise_pilot/processed_bams/rna/VW-ASUPlace-HDP07-Q1RNA1_190_003_S199_L001_HISAT_pair_trim_XY.bam
/data/Wilson_Lab/projects/placenta_multiomics/valleywise_pilot/processed_bams/rna/VW-ASUPlace-HDP07-Q1RNA1_190_003_S199_L001_HISAT_pair_trim_XY.sam
/data/Wilson_Lab/projects/placenta_multiomics/valleywise_pilot/trimmed_fastqs_rna/VW-ASUPlace-HDP07-Q1RNA1_190_003_S199_L001_trimmed_R1.fastq.gz
/data/Wilson_Lab/projects/placenta_multiomics/valleywise_pilot/trimmed_fastqs_rna/VW-ASUPlace-HDP07-Q1RNA1_190_003_S199_L001_trimmed_R2.fastq.gz
/data/Wilson_Lab/projects/placenta_multiomics/valleywise_pilot/processed_bams/rna/VW-ASUPlace-Cont02_180_013_S184_L001_HISAT_pair_trim_sort_rdgrp_XX.bam
/data/Wilson_Lab/projects/placenta_multiomics/valleywise_pilot/processed_bams/rna/VW-ASUPlace-Cont02_180_013_S184_L001_HISAT_pair_trim_sort_XX.bam
/data/Wilson_Lab/projects/placenta_multiomics/valleywise_pilot/processed_bams/rna/VW-ASUPlace-Cont02_180_013_S184_L001_HISAT_pair_trim_XX.bam
/data/Wilson_Lab/projects/placenta_multiomics/valleywise_pilot/processed_bams/rna/VW-ASUPlace-Cont02_180_013_S184_L001_HISAT_pair_trim_XX.sam
/data/Wilson_Lab/projects/placenta_multiomics/valleywise_pilot/trimmed_fastqs_rna/VW-ASUPlace-Cont02_180_013_S184_L001_trimmed_R1.fastq.gz
/data/Wilson_Lab/projects/placenta_multiomics/valleywise_pilot/trimmed_fastqs_rna/VW-ASUPlace-Cont02_180_013_S184_L001_trimmed_R2.fastq.gz
/data/Wilson_Lab/projects/placenta_multiomics/valleywise_pilot/processed_bams/rna/VW-ASUPlace-Cont03_168_025_S185_L001_HISAT_pair_trim_sort_rdgrp_XX.bam
/data/Wilson_Lab/projects/placenta_multiomics/valleywise_pilot/processed_bams/rna/VW-ASUPlace-Cont03_168_025_S185_L001_HISAT_pair_trim_sort_XX.bam
/data/Wilson_Lab/projects/placenta_multiomics/valleywise_pilot/processed_bams/rna/VW-ASUPlace-Cont03_168_025_S185_L001_HISAT_pair_trim_XX.bam
/data/Wilson_Lab/projects/placenta_multiomics/valleywise_pilot/processed_bams/rna/VW-ASUPlace-Cont03_168_025_S185_L001_HISAT_pair_trim_XX.sam
/data/Wilson_Lab/projects/placenta_multiomics/valleywise_pilot/trimmed_fastqs_rna/VW-ASUPlace-Cont03_168_025_S185_L001_trimmed_R1.fastq.gz
/data/Wilson_Lab/projects/placenta_multiomics/valleywise_pilot/trimmed_fastqs_rna/VW-ASUPlace-Cont03_168_025_S185_L001_trimmed_R2.fastq.gz
/data/Wilson_Lab/projects/placenta_multiomics/valleywise_pilot/processed_bams/rna/VW-ASUPlace-Cont05-Q1RNA1_144_049_S187_L001_HISAT_pair_trim_sort_rdgrp_XX.bam
/data/Wilson_Lab/projects/placenta_multiomics/valleywise_pilot/processed_bams/rna/VW-ASUPlace-Cont05-Q1RNA1_144_049_S187_L001_HISAT_pair_trim_sort_XX.bam
/data/Wilson_Lab/projects/placenta_multiomics/valleywise_pilot/processed_bams/rna/VW-ASUPlace-Cont05-Q1RNA1_144_049_S187_L001_HISAT_pair_trim_XX.bam
/data/Wilson_Lab/projects/placenta_multiomics/valleywise_pilot/processed_bams/rna/VW-ASUPlace-Cont05-Q1RNA1_144_049_S187_L001_HISAT_pair_trim_XX.sam
/data/Wilson_Lab/projects/placenta_multiomics/valleywise_pilot/trimmed_fastqs_rna/VW-ASUPlace-Cont05-Q1RNA1_144_049_S187_L001_trimmed_R1.fastq.gz
/data/Wilson_Lab/projects/placenta_multiomics/valleywise_pilot/trimmed_fastqs_rna/VW-ASUPlace-Cont05-Q1RNA1_144_049_S187_L001_trimmed_R2.fastq.gz
/data/Wilson_Lab/projects/placenta_multiomics/valleywise_pilot/processed_bams/rna/VW-ASUPlace-Cont06-Q1RNA1_132_061_S188_L001_HISAT_pair_trim_sort_rdgrp_XX.bam
/data/Wilson_Lab/projects/placenta_multiomics/valleywise_pilot/processed_bams/rna/VW-ASUPlace-Cont06-Q1RNA1_132_061_S188_L001_HISAT_pair_trim_sort_XX.bam
/data/Wilson_Lab/projects/placenta_multiomics/valleywise_pilot/processed_bams/rna/VW-ASUPlace-Cont06-Q1RNA1_132_061_S188_L001_HISAT_pair_trim_XX.bam
/data/Wilson_Lab/projects/placenta_multiomics/valleywise_pilot/processed_bams/rna/VW-ASUPlace-Cont06-Q1RNA1_132_061_S188_L001_HISAT_pair_trim_XX.sam
/data/Wilson_Lab/projects/placenta_multiomics/valleywise_pilot/trimmed_fastqs_rna/VW-ASUPlace-Cont06-Q1RNA1_132_061_S188_L001_trimmed_R1.fastq.gz
/data/Wilson_Lab/projects/placenta_multiomics/valleywise_pilot/trimmed_fastqs_rna/VW-ASUPlace-Cont06-Q1RNA1_132_061_S188_L001_trimmed_R2.fastq.gz
/data/Wilson_Lab/projects/placenta_multiomics/valleywise_pilot/processed_bams/rna/VW-ASUPlace-Cont10-Q1RNA1_179_014_S192_L001_HISAT_pair_trim_sort_rdgrp_XX.bam
/data/Wilson_Lab/projects/placenta_multiomics/valleywise_pilot/processed_bams/rna/VW-ASUPlace-Cont10-Q1RNA1_179_014_S192_L001_HISAT_pair_trim_sort_XX.bam
/data/Wilson_Lab/projects/placenta_multiomics/valleywise_pilot/processed_bams/rna/VW-ASUPlace-Cont10-Q1RNA1_179_014_S192_L001_HISAT_pair_trim_XX.bam
/data/Wilson_Lab/projects/placenta_multiomics/valleywise_pilot/processed_bams/rna/VW-ASUPlace-Cont10-Q1RNA1_179_014_S192_L001_HISAT_pair_trim_XX.sam
/data/Wilson_Lab/projects/placenta_multiomics/valleywise_pilot/trimmed_fastqs_rna/VW-ASUPlace-Cont10-Q1RNA1_179_014_S192_L001_trimmed_R1.fastq.gz
/data/Wilson_Lab/projects/placenta_multiomics/valleywise_pilot/trimmed_fastqs_rna/VW-ASUPlace-Cont10-Q1RNA1_179_014_S192_L001_trimmed_R2.fastq.gz
/data/Wilson_Lab/projects/placenta_multiomics/valleywise_pilot/processed_bams/rna/VW-ASUPlace-HDP01_167_026_S193_L001_HISAT_pair_trim_sort_rdgrp_XX.bam
/data/Wilson_Lab/projects/placenta_multiomics/valleywise_pilot/processed_bams/rna/VW-ASUPlace-HDP01_167_026_S193_L001_HISAT_pair_trim_sort_XX.bam
/data/Wilson_Lab/projects/placenta_multiomics/valleywise_pilot/processed_bams/rna/VW-ASUPlace-HDP01_167_026_S193_L001_HISAT_pair_trim_XX.bam
/data/Wilson_Lab/projects/placenta_multiomics/valleywise_pilot/processed_bams/rna/VW-ASUPlace-HDP01_167_026_S193_L001_HISAT_pair_trim_XX.sam
/data/Wilson_Lab/projects/placenta_multiomics/valleywise_pilot/trimmed_fastqs_rna/VW-ASUPlace-HDP01_167_026_S193_L001_trimmed_R1.fastq.gz
/data/Wilson_Lab/projects/placenta_multiomics/valleywise_pilot/trimmed_fastqs_rna/VW-ASUPlace-HDP01_167_026_S193_L001_trimmed_R2.fastq.gz
/data/Wilson_Lab/projects/placenta_multiomics/valleywise_pilot/processed_bams/rna/VW-ASUPlace-HDP08-Q1RNA1_178_015_S200_L001_HISAT_pair_trim_sort_rdgrp_XX.bam
/data/Wilson_Lab/projects/placenta_multiomics/valleywise_pilot/processed_bams/rna/VW-ASUPlace-HDP08-Q1RNA1_178_015_S200_L001_HISAT_pair_trim_sort_XX.bam
/data/Wilson_Lab/projects/placenta_multiomics/valleywise_pilot/processed_bams/rna/VW-ASUPlace-HDP08-Q1RNA1_178_015_S200_L001_HISAT_pair_trim_XX.bam
/data/Wilson_Lab/projects/placenta_multiomics/valleywise_pilot/processed_bams/rna/VW-ASUPlace-HDP08-Q1RNA1_178_015_S200_L001_HISAT_pair_trim_XX.sam
/data/Wilson_Lab/projects/placenta_multiomics/valleywise_pilot/trimmed_fastqs_rna/VW-ASUPlace-HDP08-Q1RNA1_178_015_S200_L001_trimmed_R1.fastq.gz
/data/Wilson_Lab/projects/placenta_multiomics/valleywise_pilot/trimmed_fastqs_rna/VW-ASUPlace-HDP08-Q1RNA1_178_015_S200_L001_trimmed_R2.fastq.gz
/data/Wilson_Lab/projects/placenta_multiomics/valleywise_pilot/processed_bams/rna/VW-ASUPlace-HDP09-Q1RNA1_166_027_S201_L001_HISAT_pair_trim_sort_rdgrp_XX.bam
/data/Wilson_Lab/projects/placenta_multiomics/valleywise_pilot/processed_bams/rna/VW-ASUPlace-HDP09-Q1RNA1_166_027_S201_L001_HISAT_pair_trim_sort_XX.bam
/data/Wilson_Lab/projects/placenta_multiomics/valleywise_pilot/processed_bams/rna/VW-ASUPlace-HDP09-Q1RNA1_166_027_S201_L001_HISAT_pair_trim_XX.bam
/data/Wilson_Lab/projects/placenta_multiomics/valleywise_pilot/processed_bams/rna/VW-ASUPlace-HDP09-Q1RNA1_166_027_S201_L001_HISAT_pair_trim_XX.sam
/data/Wilson_Lab/projects/placenta_multiomics/valleywise_pilot/trimmed_fastqs_rna/VW-ASUPlace-HDP09-Q1RNA1_166_027_S201_L001_trimmed_R1.fastq.gz
/data/Wilson_Lab/projects/placenta_multiomics/valleywise_pilot/trimmed_fastqs_rna/VW-ASUPlace-HDP09-Q1RNA1_166_027_S201_L001_trimmed_R2.fastq.gz
/data/Wilson_Lab/projects/placenta_multiomics/valleywise_pilot/processed_bams/rna/VW-ASUPlace-HDP10-Q1RNA1_154_039_S202_L001_HISAT_pair_trim_sort_rdgrp_XX.bam
/data/Wilson_Lab/projects/placenta_multiomics/valleywise_pilot/processed_bams/rna/VW-ASUPlace-HDP10-Q1RNA1_154_039_S202_L001_HISAT_pair_trim_sort_XX.bam
/data/Wilson_Lab/projects/placenta_multiomics/valleywise_pilot/processed_bams/rna/VW-ASUPlace-HDP10-Q1RNA1_154_039_S202_L001_HISAT_pair_trim_XX.bam
/data/Wilson_Lab/projects/placenta_multiomics/valleywise_pilot/processed_bams/rna/VW-ASUPlace-HDP10-Q1RNA1_154_039_S202_L001_HISAT_pair_trim_XX.sam
/data/Wilson_Lab/projects/placenta_multiomics/valleywise_pilot/trimmed_fastqs_rna/VW-ASUPlace-HDP10-Q1RNA1_154_039_S202_L001_trimmed_R1.fastq.gz
/data/Wilson_Lab/projects/placenta_multiomics/valleywise_pilot/trimmed_fastqs_rna/VW-ASUPlace-HDP10-Q1RNA1_154_039_S202_L001_trimmed_R2.fastq.gz
/data/Wilson_Lab/projects/placenta_multiomics/valleywise_pilot/processed_bams/rna/VW-ASUPlace-Cont01_192_001_S183_L001_HISAT_pair_trim_sort_mkdup_rdgrp_XY.bam
/data/Wilson_Lab/projects/placenta_multiomics/valleywise_pilot/processed_bams/rna/VW-ASUPlace-Cont04_156_037_S186_L001_HISAT_pair_trim_sort_mkdup_rdgrp_XY.bam
/data/Wilson_Lab/projects/placenta_multiomics/valleywise_pilot/processed_bams/rna/VW-ASUPlace-Cont07-Q1RNA1_120_073_S189_L001_HISAT_pair_trim_sort_mkdup_rdgrp_XY.bam
/data/Wilson_Lab/projects/placenta_multiomics/valleywise_pilot/processed_bams/rna/VW-ASUPlace-Cont08-Q1RNA1_108_085_S190_L001_HISAT_pair_trim_sort_mkdup_rdgrp_XY.bam
/data/Wilson_Lab/projects/placenta_multiomics/valleywise_pilot/processed_bams/rna/VW-ASUPlace-Cont09-Q1RNA1_191_002_S191_L001_HISAT_pair_trim_sort_mkdup_rdgrp_XY.bam
/data/Wilson_Lab/projects/placenta_multiomics/valleywise_pilot/processed_bams/rna/VW-ASUPlace-HDP02-Q1RNA1_155_038_S194_L001_HISAT_pair_trim_sort_mkdup_rdgrp_XY.bam
/data/Wilson_Lab/projects/placenta_multiomics/valleywise_pilot/processed_bams/rna/VW-ASUPlace-HDP03-Q1RNA1_143_050_S195_L001_HISAT_pair_trim_sort_mkdup_rdgrp_XY.bam
/data/Wilson_Lab/projects/placenta_multiomics/valleywise_pilot/processed_bams/rna/VW-ASUPlace-HDP04-Q1RNA1_131_062_S196_L001_HISAT_pair_trim_sort_mkdup_rdgrp_XY.bam
/data/Wilson_Lab/projects/placenta_multiomics/valleywise_pilot/processed_bams/rna/VW-ASUPlace-HDP05-Q1RNA1_119_074_S197_L001_HISAT_pair_trim_sort_mkdup_rdgrp_XY.bam
/data/Wilson_Lab/projects/placenta_multiomics/valleywise_pilot/processed_bams/rna/VW-ASUPlace-HDP06-Q1RNA1_107_086_S198_L001_HISAT_pair_trim_sort_mkdup_rdgrp_XY.bam
/data/Wilson_Lab/projects/placenta_multiomics/valleywise_pilot/processed_bams/rna/VW-ASUPlace-HDP07-Q1RNA1_190_003_S199_L001_HISAT_pair_trim_sort_mkdup_rdgrp_XY.bam
/data/Wilson_Lab/projects/placenta_multiomics/valleywise_pilot/processed_bams/rna/VW-ASUPlace-Cont02_180_013_S184_L001_HISAT_pair_trim_sort_mkdup_rdgrp_XX.bam
/data/Wilson_Lab/projects/placenta_multiomics/valleywise_pilot/processed_bams/rna/VW-ASUPlace-Cont03_168_025_S185_L001_HISAT_pair_trim_sort_mkdup_rdgrp_XX.bam
/data/Wilson_Lab/projects/placenta_multiomics/valleywise_pilot/processed_bams/rna/VW-ASUPlace-Cont05-Q1RNA1_144_049_S187_L001_HISAT_pair_trim_sort_mkdup_rdgrp_XX.bam
/data/Wilson_Lab/projects/placenta_multiomics/valleywise_pilot/processed_bams/rna/VW-ASUPlace-Cont06-Q1RNA1_132_061_S188_L001_HISAT_pair_trim_sort_mkdup_rdgrp_XX.bam
/data/Wilson_Lab/projects/placenta_multiomics/valleywise_pilot/processed_bams/rna/VW-ASUPlace-Cont10-Q1RNA1_179_014_S192_L001_HISAT_pair_trim_sort_mkdup_rdgrp_XX.bam
/data/Wilson_Lab/projects/placenta_multiomics/valleywise_pilot/processed_bams/rna/VW-ASUPlace-HDP01_167_026_S193_L001_HISAT_pair_trim_sort_mkdup_rdgrp_XX.bam
/data/Wilson_Lab/projects/placenta_multiomics/valleywise_pilot/processed_bams/rna/VW-ASUPlace-HDP08-Q1RNA1_178_015_S200_L001_HISAT_pair_trim_sort_mkdup_rdgrp_XX.bam
/data/Wilson_Lab/projects/placenta_multiomics/valleywise_pilot/processed_bams/rna/VW-ASUPlace-HDP09-Q1RNA1_166_027_S201_L001_HISAT_pair_trim_sort_mkdup_rdgrp_XX.bam
/data/Wilson_Lab/projects/placenta_multiomics/valleywise_pilot/processed_bams/rna/VW-ASUPlace-HDP10-Q1RNA1_154_039_S202_L001_HISAT_pair_trim_sort_mkdup_rdgrp_XX.bam
